
Microsoft Visual Studio Solution File, Format Version 12.00
# Visual Studio Version 17
VisualStudioVersion = 17.4.33205.214
MinimumVisualStudioVersion = 10.0.40219.1
Project("{FAE04EC0-301F-11D3-BF4B-00C04F79EFBC}") = "Final_Project_SOAP", "Final_Project_SOAP\Final_Project_SOAP.csproj", "{E469F51A-3DCD-4BD9-B948-D65D05420E80}"
EndProject
Global
	GlobalSection(SolutionConfigurationPlatforms) = preSolution
		Debug|Any CPU = Debug|Any CPU
		Release|Any CPU = Release|Any CPU
	EndGlobalSection
	GlobalSection(ProjectConfigurationPlatforms) = postSolution
		{E469F51A-3DCD-4BD9-B948-D65D05420E80}.Debug|Any CPU.ActiveCfg = Debug|Any CPU
		{E469F51A-3DCD-4BD9-B948-D65D05420E80}.Debug|Any CPU.Build.0 = Debug|Any CPU
		{E469F51A-3DCD-4BD9-B948-D65D05420E80}.Release|Any CPU.ActiveCfg = Release|Any CPU
		{E469F51A-3DCD-4BD9-B948-D65D05420E80}.Release|Any CPU.Build.0 = Release|Any CPU
	EndGlobalSection
	GlobalSection(SolutionProperties) = preSolution
		HideSolutionNode = FALSE
	EndGlobalSection
	GlobalSection(ExtensibilityGlobals) = postSolution
		SolutionGuid = {60055CAC-19EB-41F2-A190-A1CE1A12C19F}
	EndGlobalSection
EndGlobal
